
Microsoft Visual Studio Solution File, Format Version 12.00
# Visual Studio Version 17
VisualStudioVersion = 17.14.36518.9 d17.14
MinimumVisualStudioVersion = 10.0.40219.1
Project("{8BC9CEB8-8B4A-11D0-8D11-00A0C91BC942}") = "BisonProjectTemplate", "BisonProjectTemplate\BisonProjectTemplate.vcxproj", "{D76B439D-AC1F-41CE-9FBF-11EE7887E299}"
EndProject
Project("{8BC9CEB8-8B4A-11D0-8D11-00A0C91BC942}") = "BisonCppProjectTemplate", "BisonCppProjectTemplate\BisonCppProjectTemplate.vcxproj", "{8008C426-BCC6-4F7F-B23B-4FCBB7A37371}"
EndProject
Project("{8BC9CEB8-8B4A-11D0-8D11-00A0C91BC942}") = "BisonIntro", "BisonIntro\BisonIntro.vcxproj", "{D08018FF-2633-4E6E-843E-1B0A12823A2E}"
EndProject
Global
	GlobalSection(SolutionConfigurationPlatforms) = preSolution
		Debug|x64 = Debug|x64
		Debug|x86 = Debug|x86
		Release|x64 = Release|x64
		Release|x86 = Release|x86
	EndGlobalSection
	GlobalSection(ProjectConfigurationPlatforms) = postSolution
		{D76B439D-AC1F-41CE-9FBF-11EE7887E299}.Debug|x64.ActiveCfg = Debug|x64
		{D76B439D-AC1F-41CE-9FBF-11EE7887E299}.Debug|x64.Build.0 = Debug|x64
		{D76B439D-AC1F-41CE-9FBF-11EE7887E299}.Debug|x86.ActiveCfg = Debug|Win32
		{D76B439D-AC1F-41CE-9FBF-11EE7887E299}.Debug|x86.Build.0 = Debug|Win32
		{D76B439D-AC1F-41CE-9FBF-11EE7887E299}.Release|x64.ActiveCfg = Release|x64
		{D76B439D-AC1F-41CE-9FBF-11EE7887E299}.Release|x64.Build.0 = Release|x64
		{D76B439D-AC1F-41CE-9FBF-11EE7887E299}.Release|x86.ActiveCfg = Release|Win32
		{D76B439D-AC1F-41CE-9FBF-11EE7887E299}.Release|x86.Build.0 = Release|Win32
		{8008C426-BCC6-4F7F-B23B-4FCBB7A37371}.Debug|x64.ActiveCfg = Debug|x64
		{8008C426-BCC6-4F7F-B23B-4FCBB7A37371}.Debug|x64.Build.0 = Debug|x64
		{8008C426-BCC6-4F7F-B23B-4FCBB7A37371}.Debug|x86.ActiveCfg = Debug|Win32
		{8008C426-BCC6-4F7F-B23B-4FCBB7A37371}.Debug|x86.Build.0 = Debug|Win32
		{8008C426-BCC6-4F7F-B23B-4FCBB7A37371}.Release|x64.ActiveCfg = Release|x64
		{8008C426-BCC6-4F7F-B23B-4FCBB7A37371}.Release|x64.Build.0 = Release|x64
		{8008C426-BCC6-4F7F-B23B-4FCBB7A37371}.Release|x86.ActiveCfg = Release|Win32
		{8008C426-BCC6-4F7F-B23B-4FCBB7A37371}.Release|x86.Build.0 = Release|Win32
		{D08018FF-2633-4E6E-843E-1B0A12823A2E}.Debug|x64.ActiveCfg = Debug|x64
		{D08018FF-2633-4E6E-843E-1B0A12823A2E}.Debug|x64.Build.0 = Debug|x64
		{D08018FF-2633-4E6E-843E-1B0A12823A2E}.Debug|x86.ActiveCfg = Debug|Win32
		{D08018FF-2633-4E6E-843E-1B0A12823A2E}.Debug|x86.Build.0 = Debug|Win32
		{D08018FF-2633-4E6E-843E-1B0A12823A2E}.Release|x64.ActiveCfg = Release|x64
		{D08018FF-2633-4E6E-843E-1B0A12823A2E}.Release|x64.Build.0 = Release|x64
		{D08018FF-2633-4E6E-843E-1B0A12823A2E}.Release|x86.ActiveCfg = Release|Win32
		{D08018FF-2633-4E6E-843E-1B0A12823A2E}.Release|x86.Build.0 = Release|Win32
	EndGlobalSection
	GlobalSection(SolutionProperties) = preSolution
		HideSolutionNode = FALSE
	EndGlobalSection
	GlobalSection(ExtensibilityGlobals) = postSolution
		SolutionGuid = {4163CC5F-44C4-4624-9246-5804A5865C6B}
	EndGlobalSection
EndGlobal
